{
  "name": "Jamstack-todo",
  "version": "1.0.0",
  "lockfileVersion": 1,
  "requires": true,
  "dependencies": {
    "@types/netlify-identity-widget": {
      "version": "1.9.1",
      "resolved": "https://registry.npmjs.org/@types/netlify-identity-widget/-/netlify-identity-widget-1.9.1.tgz",
      "integrity": "sha512-xpFJL+1lQN2L+TLuX2tKyUlAcXhZuTEFGzsmaqjtm/sVY8YdPjMhT/iHoxJqeZQYZ5TtKtAlZqqdbEAIUvJwHQ==",
      "dev": true
    }
  }
}
